
Microsoft Visual Studio Solution File, Format Version 12.00
# Visual Studio Version 16
VisualStudioVersion = 16.0.30413.136
MinimumVisualStudioVersion = 15.0.26124.0
Project("{9A19103F-16F7-4668-BE54-9A1E7A4F7556}") = "Web", "Web\Web.csproj", "{F3FEDE75-9B88-4387-8114-0D70ED8BDA73}"
EndProject
Project("{9A19103F-16F7-4668-BE54-9A1E7A4F7556}") = "Api", "Api\Api.csproj", "{B313411C-3798-4D97-B862-3707B588FBBA}"
EndProject
Project("{9A19103F-16F7-4668-BE54-9A1E7A4F7556}") = "Auth2", "Auth2\Auth2.csproj", "{0A22CC58-6BD4-4761-80C6-F28DC5E26FD5}"
EndProject
Global
	GlobalSection(SolutionConfigurationPlatforms) = preSolution
		Debug|Any CPU = Debug|Any CPU
		Debug|x64 = Debug|x64
		Debug|x86 = Debug|x86
		Release|Any CPU = Release|Any CPU
		Release|x64 = Release|x64
		Release|x86 = Release|x86
	EndGlobalSection
	GlobalSection(ProjectConfigurationPlatforms) = postSolution
		{F3FEDE75-9B88-4387-8114-0D70ED8BDA73}.Debug|Any CPU.ActiveCfg = Debug|Any CPU
		{F3FEDE75-9B88-4387-8114-0D70ED8BDA73}.Debug|Any CPU.Build.0 = Debug|Any CPU
		{F3FEDE75-9B88-4387-8114-0D70ED8BDA73}.Debug|x64.ActiveCfg = Debug|Any CPU
		{F3FEDE75-9B88-4387-8114-0D70ED8BDA73}.Debug|x64.Build.0 = Debug|Any CPU
		{F3FEDE75-9B88-4387-8114-0D70ED8BDA73}.Debug|x86.ActiveCfg = Debug|Any CPU
		{F3FEDE75-9B88-4387-8114-0D70ED8BDA73}.Debug|x86.Build.0 = Debug|Any CPU
		{F3FEDE75-9B88-4387-8114-0D70ED8BDA73}.Release|Any CPU.ActiveCfg = Release|Any CPU
		{F3FEDE75-9B88-4387-8114-0D70ED8BDA73}.Release|Any CPU.Build.0 = Release|Any CPU
		{F3FEDE75-9B88-4387-8114-0D70ED8BDA73}.Release|x64.ActiveCfg = Release|Any CPU
		{F3FEDE75-9B88-4387-8114-0D70ED8BDA73}.Release|x64.Build.0 = Release|Any CPU
		{F3FEDE75-9B88-4387-8114-0D70ED8BDA73}.Release|x86.ActiveCfg = Release|Any CPU
		{F3FEDE75-9B88-4387-8114-0D70ED8BDA73}.Release|x86.Build.0 = Release|Any CPU
		{B313411C-3798-4D97-B862-3707B588FBBA}.Debug|Any CPU.ActiveCfg = Debug|Any CPU
		{B313411C-3798-4D97-B862-3707B588FBBA}.Debug|Any CPU.Build.0 = Debug|Any CPU
		{B313411C-3798-4D97-B862-3707B588FBBA}.Debug|x64.ActiveCfg = Debug|Any CPU
		{B313411C-3798-4D97-B862-3707B588FBBA}.Debug|x64.Build.0 = Debug|Any CPU
		{B313411C-3798-4D97-B862-3707B588FBBA}.Debug|x86.ActiveCfg = Debug|Any CPU
		{B313411C-3798-4D97-B862-3707B588FBBA}.Debug|x86.Build.0 = Debug|Any CPU
		{B313411C-3798-4D97-B862-3707B588FBBA}.Release|Any CPU.ActiveCfg = Release|Any CPU
		{B313411C-3798-4D97-B862-3707B588FBBA}.Release|Any CPU.Build.0 = Release|Any CPU
		{B313411C-3798-4D97-B862-3707B588FBBA}.Release|x64.ActiveCfg = Release|Any CPU
		{B313411C-3798-4D97-B862-3707B588FBBA}.Release|x64.Build.0 = Release|Any CPU
		{B313411C-3798-4D97-B862-3707B588FBBA}.Release|x86.ActiveCfg = Release|Any CPU
		{B313411C-3798-4D97-B862-3707B588FBBA}.Release|x86.Build.0 = Release|Any CPU
		{0A22CC58-6BD4-4761-80C6-F28DC5E26FD5}.Debug|Any CPU.ActiveCfg = Debug|Any CPU
		{0A22CC58-6BD4-4761-80C6-F28DC5E26FD5}.Debug|Any CPU.Build.0 = Debug|Any CPU
		{0A22CC58-6BD4-4761-80C6-F28DC5E26FD5}.Debug|x64.ActiveCfg = Debug|Any CPU
		{0A22CC58-6BD4-4761-80C6-F28DC5E26FD5}.Debug|x64.Build.0 = Debug|Any CPU
		{0A22CC58-6BD4-4761-80C6-F28DC5E26FD5}.Debug|x86.ActiveCfg = Debug|Any CPU
		{0A22CC58-6BD4-4761-80C6-F28DC5E26FD5}.Debug|x86.Build.0 = Debug|Any CPU
		{0A22CC58-6BD4-4761-80C6-F28DC5E26FD5}.Release|Any CPU.ActiveCfg = Release|Any CPU
		{0A22CC58-6BD4-4761-80C6-F28DC5E26FD5}.Release|Any CPU.Build.0 = Release|Any CPU
		{0A22CC58-6BD4-4761-80C6-F28DC5E26FD5}.Release|x64.ActiveCfg = Release|Any CPU
		{0A22CC58-6BD4-4761-80C6-F28DC5E26FD5}.Release|x64.Build.0 = Release|Any CPU
		{0A22CC58-6BD4-4761-80C6-F28DC5E26FD5}.Release|x86.ActiveCfg = Release|Any CPU
		{0A22CC58-6BD4-4761-80C6-F28DC5E26FD5}.Release|x86.Build.0 = Release|Any CPU
	EndGlobalSection
	GlobalSection(SolutionProperties) = preSolution
		HideSolutionNode = FALSE
	EndGlobalSection
	GlobalSection(ExtensibilityGlobals) = postSolution
		SolutionGuid = {77B04121-D2BE-4983-B3D4-E7C542DE24CC}
	EndGlobalSection
EndGlobal
